// !$*UTF8*$!
{
	archiveVersion = 1;
	classes = {
	};
	objectVersion = 46;
	objects = {

/* Begin PBXBuildFile section */
		CAC5D5A51EE07B7B00F7D19F /* AppDelegate.swift in Sources */ = {isa = PBXBuildFile; fileRef = CAC5D5A41EE07B7B00F7D19F /* AppDelegate.swift */; };
		CAC5D5AA1EE07B7B00F7D19F /* Main.storyboard in Resources */ = {isa = PBXBuildFile; fileRef = CAC5D5A81EE07B7B00F7D19F /* Main.storyboard */; };
		CAC5D5AC1EE07B7B00F7D19F /* Assets.xcassets in Resources */ = {isa = PBXBuildFile; fileRef = CAC5D5AB1EE07B7B00F7D19F /* Assets.xcassets */; };
		CAC5D5AF1EE07B7B00F7D19F /* LaunchScreen.storyboard in Resources */ = {isa = PBXBuildFile; fileRef = CAC5D5AD1EE07B7B00F7D19F /* LaunchScreen.storyboard */; };
		CAC5D5B71EE07BFB00F7D19F /* WhereAmIViewController.swift in Sources */ = {isa = PBXBuildFile; fileRef = CAC5D5B61EE07BFB00F7D19F /* WhereAmIViewController.swift */; };
		CAC5D5BA1EE07D5E00F7D19F /* MapKit.framework in Frameworks */ = {isa = PBXBuildFile; fileRef = CAC5D5B91EE07D5E00F7D19F /* MapKit.framework */; };
		CAC5D5BC1EE07D6600F7D19F /* CoreLocation.framework in Frameworks */ = {isa = PBXBuildFile; fileRef = CAC5D5BB1EE07D6600F7D19F /* CoreLocation.framework */; };
/* End PBXBuildFile section */

/* Begin PBXFileReference section */
		CAC5D5A11EE07B7B00F7D19F /* CurrentLocation.app */ = {isa = PBXFileReference; explicitFileType = wrapper.application; includeInIndex = 0; path = CurrentLocation.app; sourceTree = BUILT_PRODUCTS_DIR; };
		CAC5D5A41EE07B7B00F7D19F /* AppDelegate.swift */ = {isa = PBXFileReference; lastKnownFileType = sourcecode.swift; path = AppDelegate.swift; sourceTree = "<group>"; };
		CAC5D5A91EE07B7B00F7D19F /* Base */ = {isa = PBXFileReference; lastKnownFileType = file.storyboard; name = Base; path = Base.lproj/Main.storyboard; sourceTree = "<group>"; };
		CAC5D5AB1EE07B7B00F7D19F /* Assets.xcassets */ = {isa = PBXFileReference; lastKnownFileType = folder.assetcatalog; path = Assets.xcassets; sourceTree = "<group>"; };
		CAC5D5AE1EE07B7B00F7D19F /* Base */ = {isa = PBXFileReference; lastKnownFileType = file.storyboard; name = Base; path = Base.lproj/LaunchScreen.storyboard; sourceTree = "<group>"; };
		CAC5D5B01EE07B7B00F7D19F /* Info.plist */ = {isa = PBXFileReference; lastKnownFileType = text.plist.xml; path = Info.plist; sourceTree = "<group>"; };
		CAC5D5B61EE07BFB00F7D19F /* WhereAmIViewController.swift */ = {isa = PBXFileReference; fileEncoding = 4; lastKnownFileType = sourcecode.swift; path = WhereAmIViewController.swift; sourceTree = "<group>"; };
		CAC5D5B91EE07D5E00F7D19F /* MapKit.framework */ = {isa = PBXFileReference; lastKnownFileType = wrapper.framework; name = MapKit.framework; path = System/Library/Frameworks/MapKit.framework; sourceTree = SDKROOT; };
		CAC5D5BB1EE07D6600F7D19F /* CoreLocation.framework */ = {isa = PBXFileReference; lastKnownFileType = wrapper.framework; name = CoreLocation.framework; path = System/Library/Frameworks/CoreLocation.framework; sourceTree = SDKROOT; };
/* End PBXFileReference section */

/* Begin PBXFrameworksBuildPhase section */
		CAC5D59E1EE07B7B00F7D19F /* Frameworks */ = {
			isa = PBXFrameworksBuildPhase;
			buildActionMask = 2147483647;
			files = (
				CAC5D5BC1EE07D6600F7D19F /* CoreLocation.framework in Frameworks */,
				CAC5D5BA1EE07D5E00F7D19F /* MapKit.framework in Frameworks */,
			);
			runOnlyForDeploymentPostprocessing = 0;
		};
/* End PBXFrameworksBuildPhase section */

/* Begin PBXGroup section */
		CAC5D5981EE07B7B00F7D19F = {
			isa = PBXGroup;
			children = (
				CAC5D5A31EE07B7B00F7D19F /* CurrentLocation */,
				CAC5D5A21EE07B7B00F7D19F /* Products */,
				CAC5D5B81EE07D5D00F7D19F /* Frameworks */,
			);
			sourceTree = "<group>";
		};
		CAC5D5A21EE07B7B00F7D19F /* Products */ = {
			isa = PBXGroup;
			children = (
				CAC5D5A11EE07B7B00F7D19F /* CurrentLocation.app */,
			);
			name = Products;
			sourceTree = "<group>";
		};
		CAC5D5A31EE07B7B00F7D19F /* CurrentLocation */ = {
			isa = PBXGroup;
			children = (
				CAC5D5A41EE07B7B00F7D19F /* AppDelegate.swift */,
				CAC5D5B61EE07BFB00F7D19F /* WhereAmIViewController.swift */,
				CAC5D5A81EE07B7B00F7D19F /* Main.storyboard */,
				CAC5D5AB1EE07B7B00F7D19F /* Assets.xcassets */,
				CAC5D5AD1EE07B7B00F7D19F /* LaunchScreen.storyboard */,
				CAC5D5B01EE07B7B00F7D19F /* Info.plist */,
			);
			path = CurrentLocation;
			sourceTree = "<group>";
		};
		CAC5D5B81EE07D5D00F7D19F /* Frameworks */ = {
			isa = PBXGroup;
			children = (
				CAC5D5BB1EE07D6600F7D19F /* CoreLocation.framework */,
				CAC5D5B91EE07D5E00F7D19F /* MapKit.framework */,
			);
			name = Frameworks;
			sourceTree = "<group>";
		};
/* End PBXGroup section */

/* Begin PBXNativeTarget section */
		CAC5D5A01EE07B7B00F7D19F /* CurrentLocation */ = {
			isa = PBXNativeTarget;
			buildConfigurationList = CAC5D5B31EE07B7B00F7D19F /* Build configuration list for PBXNativeTarget "CurrentLocation" */;
			buildPhases = (
				CAC5D59D1EE07B7B00F7D19F /* Sources */,
				CAC5D59E1EE07B7B00F7D19F /* Frameworks */,
				CAC5D59F1EE07B7B00F7D19F /* Resources */,
			);
			buildRules = (
			);
			dependencies = (
			);
			name = CurrentLocation;
			productName = CurrentLocation;
			productReference = CAC5D5A11EE07B7B00F7D19F /* CurrentLocation.app */;
			productType = "com.apple.product-type.application";
		};
/* End PBXNativeTarget section */

/* Begin PBXProject section */
		CAC5D5991EE07B7B00F7D19F /* Project object */ = {
			isa = PBXProject;
			attributes = {
				LastSwiftUpdateCheck = 0830;
				LastUpgradeCheck = 0830;
				ORGANIZATIONNAME = "Priya Talreja";
				TargetAttributes = {
					CAC5D5A01EE07B7B00F7D19F = {
						CreatedOnToolsVersion = 8.3.1;
						ProvisioningStyle = Automatic;
					};
				};
			};
			buildConfigurationList = CAC5D59C1EE07B7B00F7D19F /* Build configuration list for PBXProject "CurrentLocation" */;
			compatibilityVersion = "Xcode 3.2";
			developmentRegion = English;
			hasScannedForEncodings = 0;
			knownRegions = (
				en,
				Base,
			);
			mainGroup = CAC5D5981EE07B7B00F7D19F;
			productRefGroup = CAC5D5A21EE07B7B00F7D19F /* Products */;
			projectDirPath = "";
			projectRoot = "";
			targets = (
				CAC5D5A01EE07B7B00F7D19F /* CurrentLocation */,
			);
		};
/* End PBXProject section */

/* Begin PBXResourcesBuildPhase section */
		CAC5D59F1EE07B7B00F7D19F /* Resources */ = {
			isa = PBXResourcesBuildPhase;
			buildActionMask = 2147483647;
			files = (
				CAC5D5AF1EE07B7B00F7D19F /* LaunchScreen.storyboard in Resources */,
				CAC5D5AC1EE07B7B00F7D19F /* Assets.xcassets in Resources */,
				CAC5D5AA1EE07B7B00F7D19F /* Main.storyboard in Resources */,
			);
			runOnlyForDeploymentPostprocessing = 0;
		};
/* End PBXResourcesBuildPhase section */

/* Begin PBXSourcesBuildPhase section */
		CAC5D59D1EE07B7B00F7D19F /* Sources */ = {
			isa = PBXSourcesBuildPhase;
			buildActionMask = 2147483647;
			files = (
				CAC5D5B71EE07BFB00F7D19F /* WhereAmIViewController.swift in Sources */,
				CAC5D5A51EE07B7B00F7D19F /* AppDelegate.swift in Sources */,
			);
			runOnlyForDeploymentPostprocessing = 0;
		};
/* End PBXSourcesBuildPhase section */

/* Begin PBXVariantGroup section */
		CAC5D5A81EE07B7B00F7D19F /* Main.storyboard */ = {
			isa = PBXVariantGroup;
			children = (
				CAC5D5A91EE07B7B00F7D19F /* Base */,
			);
			name = Main.storyboard;
			sourceTree = "<group>";
		};
		CAC5D5AD1EE07B7B00F7D19F /* LaunchScreen.storyboard */ = {
			isa = PBXVariantGroup;
			children = (
				CAC5D5AE1EE07B7B00F7D19F /* Base */,
			);
			name = LaunchScreen.storyboard;
			sourceTree = "<group>";
		};
/* End PBXVariantGroup section */

/* Begin XCBuildConfiguration section */
		CAC5D5B11EE07B7B00F7D19F /* Debug */ = {
			isa = XCBuildConfiguration;
			buildSettings = {
				ALWAYS_SEARCH_USER_PATHS = NO;
				CLANG_ANALYZER_NONNULL = YES;
				CLANG_ANALYZER_NUMBER_OBJECT_CONVERSION = YES_AGGRESSIVE;
				CLANG_CXX_LANGUAGE_STANDARD = "gnu++0x";
				CLANG_CXX_LIBRARY = "libc++";
				CLANG_ENABLE_MODULES = YES;
				CLANG_ENABLE_OBJC_ARC = YES;
				CLANG_WARN_BOOL_CONVERSION = YES;
				CLANG_WARN_CONSTANT_CONVERSION = YES;
				CLANG_WARN_DIRECT_OBJC_ISA_USAGE = YES_ERROR;
				CLANG_WARN_DOCUMENTATION_COMMENTS = YES;
				CLANG_WARN_EMPTY_BODY = YES;
				CLANG_WARN_ENUM_CONVERSION = YES;
				CLANG_WARN_INFINITE_RECURSION = YES;
				CLANG_WARN_INT_CONVERSION = YES;
				CLANG_WARN_OBJC_ROOT_CLASS = YES_ERROR;
				CLANG_WARN_SUSPICIOUS_MOVE = YES;
				CLANG_WARN_UNREACHABLE_CODE = YES;
				CLANG_WARN__DUPLICATE_METHOD_MATCH = YES;
				"CODE_SIGN_IDENTITY[sdk=iphoneos*]" = "iPhone Developer";
				COPY_PHASE_STRIP = NO;
				DEBUG_INFORMATION_FORMAT = dwarf;
				ENABLE_STRICT_OBJC_MSGSEND = YES;
				ENABLE_TESTABILITY = YES;
				GCC_C_LANGUAGE_STANDARD = gnu99;
				GCC_DYNAMIC_NO_PIC = NO;
				GCC_NO_COMMON_BLOCKS = YES;
				GCC_OPTIMIZATION_LEVEL = 0;
				GCC_PREPROCESSOR_DEFINITIONS = (
					"DEBUG=1",
					"$(inherited)",
				);
				GCC_WARN_64_TO_32_BIT_CONVERSION = YES;
				GCC_WARN_ABOUT_RETURN_TYPE = YES_ERROR;
				GCC_WARN_UNDECLARED_SELECTOR = YES;
				GCC_WARN_UNINITIALIZED_AUTOS = YES_AGGRESSIVE;
				GCC_WARN_UNUSED_FUNCTION = YES;
				GCC_WARN_UNUSED_VARIABLE = YES;
				IPHONEOS_DEPLOYMENT_TARGET = 10.3;
				MTL_ENABLE_DEBUG_INFO = YES;
				ONLY_ACTIVE_ARCH = YES;
				SDKROOT = iphoneos;
				SWIFT_ACTIVE_COMPILATION_CONDITIONS = DEBUG;
				SWIFT_OPTIMIZATION_LEVEL = "-Onone";
				TARGETED_DEVICE_FAMILY = "1,2";
			};
			name = Debug;
		};
		CAC5D5B21EE07B7B00F7D19F /* Release */ = {
			isa = XCBuildConfiguration;
			buildSettings = {
				ALWAYS_SEARCH_USER_PATHS = NO;
				CLANG_ANALYZER_NONNULL = YES;
				CLANG_ANALYZER_NUMBER_OBJECT_CONVERSION = YES_AGGRESSIVE;
				CLANG_CXX_LANGUAGE_STANDARD = "gnu++0x";
				CLANG_CXX_LIBRARY = "libc++";
				CLANG_ENABLE_MODULES = YES;
				CLANG_ENABLE_OBJC_ARC = YES;
				CLANG_WARN_BOOL_CONVERSION = YES;
				CLANG_WARN_CONSTANT_CONVERSION = YES;
				CLANG_WARN_DIRECT_OBJC_ISA_USAGE = YES_ERROR;
				CLANG_WARN_DOCUMENTATION_COMMENTS = YES;
				CLANG_WARN_EMPTY_BODY = YES;
				CLANG_WARN_ENUM_CONVERSION = YES;
				CLANG_WARN_INFINITE_RECURSION = YES;
				CLANG_WARN_INT_CONVERSION = YES;
				CLANG_WARN_OBJC_ROOT_CLASS = YES_ERROR;
				CLANG_WARN_SUSPICIOUS_MOVE = YES;
				CLANG_WARN_UNREACHABLE_CODE = YES;
				CLANG_WARN__DUPLICATE_METHOD_MATCH = YES;
				"CODE_SIGN_IDENTITY[sdk=iphoneos*]" = "iPhone Developer";
				COPY_PHASE_STRIP = NO;
				DEBUG_INFORMATION_FORMAT = "dwarf-with-dsym";
				ENABLE_NS_ASSERTIONS = NO;
				ENABLE_STRICT_OBJC_MSGSEND = YES;
				GCC_C_LANGUAGE_STANDARD = gnu99;
				GCC_NO_COMMON_BLOCKS = YES;
				GCC_WARN_64_TO_32_BIT_CONVERSION = YES;
				GCC_WARN_ABOUT_RETURN_TYPE = YES_ERROR;
				GCC_WARN_UNDECLARED_SELECTOR = YES;
				GCC_WARN_UNINITIALIZED_AUTOS = YES_AGGRESSIVE;
				GCC_WARN_UNUSED_FUNCTION = YES;
				GCC_WARN_UNUSED_VARIABLE = YES;
				IPHONEOS_DEPLOYMENT_TARGET = 10.3;
				MTL_ENABLE_DEBUG_INFO = NO;
				SDKROOT = iphoneos;
				SWIFT_OPTIMIZATION_LEVEL = "-Owholemodule";
				TARGETED_DEVICE_FAMILY = "1,2";
				VALIDATE_PRODUCT = YES;
			};
			name = Release;
		};
		CAC5D5B41EE07B7B00F7D19F /* Debug */ = {
			isa = XCBuildConfiguration;
			buildSettings = {
				ASSETCATALOG_COMPILER_APPICON_NAME = AppIcon;
				INFOPLIST_FILE = CurrentLocation/Info.plist;
				IPHONEOS_DEPLOYMENT_TARGET = 8.1;
				LD_RUNPATH_SEARCH_PATHS = "$(inherited) @executable_path/Frameworks";
				PRODUCT_BUNDLE_IDENTIFIER = Personal.CurrentLocation;
				PRODUCT_NAME = "$(TARGET_NAME)";
				SWIFT_VERSION = 3.0;
				TARGETED_DEVICE_FAMILY = 1;
			};
			name = Debug;
		};
		CAC5D5B51EE07B7B00F7D19F /* Release */ = {
			isa = XCBuildConfiguration;
			buildSettings = {
				ASSETCATALOG_COMPILER_APPICON_NAME = AppIcon;
				INFOPLIST_FILE = CurrentLocation/Info.plist;
				IPHONEOS_DEPLOYMENT_TARGET = 8.1;
				LD_RUNPATH_SEARCH_PATHS = "$(inherited) @executable_path/Frameworks";
				PRODUCT_BUNDLE_IDENTIFIER = Personal.CurrentLocation;
				PRODUCT_NAME = "$(TARGET_NAME)";
				SWIFT_VERSION = 3.0;
				TARGETED_DEVICE_FAMILY = 1;
			};
			name = Release;
		};
/* End XCBuildConfiguration section */

/* Begin XCConfigurationList section */
		CAC5D59C1EE07B7B00F7D19F /* Build configuration list for PBXProject "CurrentLocation" */ = {
			isa = XCConfigurationList;
			buildConfigurations = (
				CAC5D5B11EE07B7B00F7D19F /* Debug */,
				CAC5D5B21EE07B7B00F7D19F /* Release */,
			);
			defaultConfigurationIsVisible = 0;
			defaultConfigurationName = Release;
		};
		CAC5D5B31EE07B7B00F7D19F /* Build configuration list for PBXNativeTarget "CurrentLocation" */ = {
			isa = XCConfigurationList;
			buildConfigurations = (
				CAC5D5B41EE07B7B00F7D19F /* Debug */,
				CAC5D5B51EE07B7B00F7D19F /* Release */,
			);
			defaultConfigurationIsVisible = 0;
		};
/* End XCConfigurationList section */
	};
	rootObject = CAC5D5991EE07B7B00F7D19F /* Project object */;
}
